// !$*UTF8*$!
{
	archiveVersion = 1;
	classes = {
	};
	objectVersion = 46;
	objects = {

/* Begin PBXBuildFile section */
		D0442ACA183ACA280056D2A2 /* Foundation.framework in Frameworks */ = {isa = PBXBuildFile; fileRef = D0442AC9183ACA280056D2A2 /* Foundation.framework */; };
		D0442ACC183ACA280056D2A2 /* CoreGraphics.framework in Frameworks */ = {isa = PBXBuildFile; fileRef = D0442ACB183ACA280056D2A2 /* CoreGraphics.framework */; };
		D0442ACE183ACA280056D2A2 /* UIKit.framework in Frameworks */ = {isa = PBXBuildFile; fileRef = D0442ACD183ACA280056D2A2 /* UIKit.framework */; };
		D0442AD4183ACA280056D2A2 /* InfoPlist.strings in Resources */ = {isa = PBXBuildFile; fileRef = D0442AD2183ACA280056D2A2 /* InfoPlist.strings */; };
		D0442AD6183ACA280056D2A2 /* main.m in Sources */ = {isa = PBXBuildFile; fileRef = D0442AD5183ACA280056D2A2 /* main.m */; };
		D0442ADA183ACA280056D2A2 /* AppDelegate.m in Sources */ = {isa = PBXBuildFile; fileRef = D0442AD9183ACA280056D2A2 /* AppDelegate.m */; };
		D0442ADC183ACA280056D2A2 /* Images.xcassets in Resources */ = {isa = PBXBuildFile; fileRef = D0442ADB183ACA280056D2A2 /* Images.xcassets */; };
		D0442AE3183ACA280056D2A2 /* XCTest.framework in Frameworks */ = {isa = PBXBuildFile; fileRef = D0442AE2183ACA280056D2A2 /* XCTest.framework */; };
		D0442AE4183ACA280056D2A2 /* Foundation.framework in Frameworks */ = {isa = PBXBuildFile; fileRef = D0442AC9183ACA280056D2A2 /* Foundation.framework */; };
		D0442AE5183ACA280056D2A2 /* UIKit.framework in Frameworks */ = {isa = PBXBuildFile; fileRef = D0442ACD183ACA280056D2A2 /* UIKit.framework */; };
		D0442AED183ACA280056D2A2 /* InfoPlist.strings in Resources */ = {isa = PBXBuildFile; fileRef = D0442AEB183ACA280056D2A2 /* InfoPlist.strings */; };
		D0442AEF183ACA280056D2A2 /* iOS3Lab3Tests.m in Sources */ = {isa = PBXBuildFile; fileRef = D0442AEE183ACA280056D2A2 /* iOS3Lab3Tests.m */; };
		D0442AF9183ACA4F0056D2A2 /* MainStoryboard.storyboard in Resources */ = {isa = PBXBuildFile; fileRef = D0442AF8183ACA4F0056D2A2 /* MainStoryboard.storyboard */; };
		D0442B17183ACD880056D2A2 /* tile1_A_268.png in Resources */ = {isa = PBXBuildFile; fileRef = D0442AFC183ACD880056D2A2 /* tile1_A_268.png */; };
		D0442B18183ACD880056D2A2 /* tile1_B_268.png in Resources */ = {isa = PBXBuildFile; fileRef = D0442AFD183ACD880056D2A2 /* tile1_B_268.png */; };
		D0442B19183ACD880056D2A2 /* tile1_blank_268.png in Resources */ = {isa = PBXBuildFile; fileRef = D0442AFE183ACD880056D2A2 /* tile1_blank_268.png */; };
		D0442B1A183ACD880056D2A2 /* tile1_C_268.png in Resources */ = {isa = PBXBuildFile; fileRef = D0442AFF183ACD880056D2A2 /* tile1_C_268.png */; };
		D0442B1B183ACD880056D2A2 /* tile1_D_268.png in Resources */ = {isa = PBXBuildFile; fileRef = D0442B00183ACD880056D2A2 /* tile1_D_268.png */; };
		D0442B1C183ACD880056D2A2 /* tile1_E_268.png in Resources */ = {isa = PBXBuildFile; fileRef = D0442B01183ACD880056D2A2 /* tile1_E_268.png */; };
		D0442B1D183ACD880056D2A2 /* tile1_F_268.png in Resources */ = {isa = PBXBuildFile; fileRef = D0442B02183ACD880056D2A2 /* tile1_F_268.png */; };
		D0442B1E183ACD880056D2A2 /* tile1_G_268.png in Resources */ = {isa = PBXBuildFile; fileRef = D0442B03183ACD880056D2A2 /* tile1_G_268.png */; };
		D0442B1F183ACD880056D2A2 /* tile1_H_268.png in Resources */ = {isa = PBXBuildFile; fileRef = D0442B04183ACD880056D2A2 /* tile1_H_268.png */; };
		D0442B20183ACD880056D2A2 /* tile1_I_268.png in Resources */ = {isa = PBXBuildFile; fileRef = D0442B05183ACD880056D2A2 /* tile1_I_268.png */; };
		D0442B21183ACD880056D2A2 /* tile1_J_268.png in Resources */ = {isa = PBXBuildFile; fileRef = D0442B06183ACD880056D2A2 /* tile1_J_268.png */; };
		D0442B22183ACD880056D2A2 /* tile1_K_268.png in Resources */ = {isa = PBXBuildFile; fileRef = D0442B07183ACD880056D2A2 /* tile1_K_268.png */; };
		D0442B23183ACD880056D2A2 /* tile1_L_268.png in Resources */ = {isa = PBXBuildFile; fileRef = D0442B08183ACD880056D2A2 /* tile1_L_268.png */; };
		D0442B24183ACD880056D2A2 /* tile1_M_268.png in Resources */ = {isa = PBXBuildFile; fileRef = D0442B09183ACD880056D2A2 /* tile1_M_268.png */; };
		D0442B25183ACD880056D2A2 /* tile1_N_268.png in Resources */ = {isa = PBXBuildFile; fileRef = D0442B0A183ACD880056D2A2 /* tile1_N_268.png */; };
		D0442B26183ACD880056D2A2 /* tile1_O_268.png in Resources */ = {isa = PBXBuildFile; fileRef = D0442B0B183ACD880056D2A2 /* tile1_O_268.png */; };
		D0442B27183ACD880056D2A2 /* tile1_P_268.png in Resources */ = {isa = PBXBuildFile; fileRef = D0442B0C183ACD880056D2A2 /* tile1_P_268.png */; };
		D0442B28183ACD880056D2A2 /* tile1_Q_268.png in Resources */ = {isa = PBXBuildFile; fileRef = D0442B0D183ACD880056D2A2 /* tile1_Q_268.png */; };
		D0442B29183ACD880056D2A2 /* tile1_R_268.png in Resources */ = {isa = PBXBuildFile; fileRef = D0442B0E183ACD880056D2A2 /* tile1_R_268.png */; };
		D0442B2A183ACD880056D2A2 /* tile1_S_268.png in Resources */ = {isa = PBXBuildFile; fileRef = D0442B0F183ACD880056D2A2 /* tile1_S_268.png */; };
		D0442B2B183ACD880056D2A2 /* tile1_T_268.png in Resources */ = {isa = PBXBuildFile; fileRef = D0442B10183ACD880056D2A2 /* tile1_T_268.png */; };
		D0442B2C183ACD880056D2A2 /* tile1_U_268.png in Resources */ = {isa = PBXBuildFile; fileRef = D0442B11183ACD880056D2A2 /* tile1_U_268.png */; };
		D0442B2D183ACD880056D2A2 /* tile1_V_268.png in Resources */ = {isa = PBXBuildFile; fileRef = D0442B12183ACD880056D2A2 /* tile1_V_268.png */; };
		D0442B2E183ACD880056D2A2 /* tile1_W_268.png in Resources */ = {isa = PBXBuildFile; fileRef = D0442B13183ACD880056D2A2 /* tile1_W_268.png */; };
		D0442B2F183ACD880056D2A2 /* tile1_X_268.png in Resources */ = {isa = PBXBuildFile; fileRef = D0442B14183ACD880056D2A2 /* tile1_X_268.png */; };
		D0442B30183ACD880056D2A2 /* tile1_Y_268.png in Resources */ = {isa = PBXBuildFile; fileRef = D0442B15183ACD880056D2A2 /* tile1_Y_268.png */; };
		D0442B31183ACD880056D2A2 /* tile1_Z_268.png in Resources */ = {isa = PBXBuildFile; fileRef = D0442B16183ACD880056D2A2 /* tile1_Z_268.png */; };
		D0442B34183ACE470056D2A2 /* SettingsTableViewController.m in Sources */ = {isa = PBXBuildFile; fileRef = D0442B33183ACE470056D2A2 /* SettingsTableViewController.m */; };
		D0442B37183AD4F90056D2A2 /* LettersViewController.m in Sources */ = {isa = PBXBuildFile; fileRef = D0442B36183AD4F90056D2A2 /* LettersViewController.m */; };
		D0442B53183ADA7F0056D2A2 /* tile1_A_lower_268.png in Resources */ = {isa = PBXBuildFile; fileRef = D0442B39183ADA7F0056D2A2 /* tile1_A_lower_268.png */; };
		D0442B54183ADA7F0056D2A2 /* tile1_B_lower_268.png in Resources */ = {isa = PBXBuildFile; fileRef = D0442B3A183ADA7F0056D2A2 /* tile1_B_lower_268.png */; };
		D0442B55183ADA7F0056D2A2 /* tile1_C_lower_268.png in Resources */ = {isa = PBXBuildFile; fileRef = D0442B3B183ADA7F0056D2A2 /* tile1_C_lower_268.png */; };
		D0442B56183ADA7F0056D2A2 /* tile1_D_lower_268.png in Resources */ = {isa = PBXBuildFile; fileRef = D0442B3C183ADA7F0056D2A2 /* tile1_D_lower_268.png */; };
		D0442B57183ADA7F0056D2A2 /* tile1_E_lower_268.png in Resources */ = {isa = PBXBuildFile; fileRef = D0442B3D183ADA7F0056D2A2 /* tile1_E_lower_268.png */; };
		D0442B58183ADA7F0056D2A2 /* tile1_F_lower_268.png in Resources */ = {isa = PBXBuildFile; fileRef = D0442B3E183ADA7F0056D2A2 /* tile1_F_lower_268.png */; };
		D0442B59183ADA7F0056D2A2 /* tile1_G_lower_268.png in Resources */ = {isa = PBXBuildFile; fileRef = D0442B3F183ADA7F0056D2A2 /* tile1_G_lower_268.png */; };
		D0442B5A183ADA7F0056D2A2 /* tile1_H_lower_268.png in Resources */ = {isa = PBXBuildFile; fileRef = D0442B40183ADA7F0056D2A2 /* tile1_H_lower_268.png */; };
		D0442B5B183ADA7F0056D2A2 /* tile1_I_lower_268.png in Resources */ = {isa = PBXBuildFile; fileRef = D0442B41183ADA7F0056D2A2 /* tile1_I_lower_268.png */; };
		D0442B5C183ADA7F0056D2A2 /* tile1_J_lower_268.png in Resources */ = {isa = PBXBuildFile; fileRef = D0442B42183ADA7F0056D2A2 /* tile1_J_lower_268.png */; };
		D0442B5D183ADA7F0056D2A2 /* tile1_K_lower_268.png in Resources */ = {isa = PBXBuildFile; fileRef = D0442B43183ADA7F0056D2A2 /* tile1_K_lower_268.png */; };
		D0442B5E183ADA7F0056D2A2 /* tile1_L_lower_268.png in Resources */ = {isa = PBXBuildFile; fileRef = D0442B44183ADA7F0056D2A2 /* tile1_L_lower_268.png */; };
		D0442B5F183ADA7F0056D2A2 /* tile1_M_lower_268.png in Resources */ = {isa = PBXBuildFile; fileRef = D0442B45183ADA7F0056D2A2 /* tile1_M_lower_268.png */; };
		D0442B60183ADA7F0056D2A2 /* tile1_N_lower_268.png in Resources */ = {isa = PBXBuildFile; fileRef = D0442B46183ADA7F0056D2A2 /* tile1_N_lower_268.png */; };
		D0442B61183ADA7F0056D2A2 /* tile1_O_lower_268.png in Resources */ = {isa = PBXBuildFile; fileRef = D0442B47183ADA7F0056D2A2 /* tile1_O_lower_268.png */; };
		D0442B62183ADA7F0056D2A2 /* tile1_P_lower_268.png in Resources */ = {isa = PBXBuildFile; fileRef = D0442B48183ADA7F0056D2A2 /* tile1_P_lower_268.png */; };
		D0442B63183ADA7F0056D2A2 /* tile1_Q_lower_268.png in Resources */ = {isa = PBXBuildFile; fileRef = D0442B49183ADA7F0056D2A2 /* tile1_Q_lower_268.png */; };
		D0442B64183ADA7F0056D2A2 /* tile1_R_lower_268.png in Resources */ = {isa = PBXBuildFile; fileRef = D0442B4A183ADA7F0056D2A2 /* tile1_R_lower_268.png */; };
		D0442B65183ADA7F0056D2A2 /* tile1_S_lower_268.png in Resources */ = {isa = PBXBuildFile; fileRef = D0442B4B183ADA7F0056D2A2 /* tile1_S_lower_268.png */; };
		D0442B66183ADA7F0056D2A2 /* tile1_T_lower_268.png in Resources */ = {isa = PBXBuildFile; fileRef = D0442B4C183ADA7F0056D2A2 /* tile1_T_lower_268.png */; };
		D0442B67183ADA7F0056D2A2 /* tile1_U_lower_268.png in Resources */ = {isa = PBXBuildFile; fileRef = D0442B4D183ADA7F0056D2A2 /* tile1_U_lower_268.png */; };
		D0442B68183ADA7F0056D2A2 /* tile1_V_lower_268.png in Resources */ = {isa = PBXBuildFile; fileRef = D0442B4E183ADA7F0056D2A2 /* tile1_V_lower_268.png */; };
		D0442B69183ADA7F0056D2A2 /* tile1_W_lower_268.png in Resources */ = {isa = PBXBuildFile; fileRef = D0442B4F183ADA7F0056D2A2 /* tile1_W_lower_268.png */; };
		D0442B6A183ADA7F0056D2A2 /* tile1_X_lower_268.png in Resources */ = {isa = PBXBuildFile; fileRef = D0442B50183ADA7F0056D2A2 /* tile1_X_lower_268.png */; };
		D0442B6B183ADA7F0056D2A2 /* tile1_Y_lower_268.png in Resources */ = {isa = PBXBuildFile; fileRef = D0442B51183ADA7F0056D2A2 /* tile1_Y_lower_268.png */; };
		D0442B6C183ADA7F0056D2A2 /* tile1_Z_lower_268.png in Resources */ = {isa = PBXBuildFile; fileRef = D0442B52183ADA7F0056D2A2 /* tile1_Z_lower_268.png */; };
/* End PBXBuildFile section */

/* Begin PBXContainerItemProxy section */
		D0442AE6183ACA280056D2A2 /* PBXContainerItemProxy */ = {
			isa = PBXContainerItemProxy;
			containerPortal = D0442ABE183ACA280056D2A2 /* Project object */;
			proxyType = 1;
			remoteGlobalIDString = D0442AC5183ACA280056D2A2;
			remoteInfo = iOS3Lab3;
		};
/* End PBXContainerItemProxy section */

/* Begin PBXFileReference section */
		D0442AC6183ACA280056D2A2 /* iOS3Lab3.app */ = {isa = PBXFileReference; explicitFileType = wrapper.application; includeInIndex = 0; path = iOS3Lab3.app; sourceTree = BUILT_PRODUCTS_DIR; };
		D0442AC9183ACA280056D2A2 /* Foundation.framework */ = {isa = PBXFileReference; lastKnownFileType = wrapper.framework; name = Foundation.framework; path = System/Library/Frameworks/Foundation.framework; sourceTree = SDKROOT; };
		D0442ACB183ACA280056D2A2 /* CoreGraphics.framework */ = {isa = PBXFileReference; lastKnownFileType = wrapper.framework; name = CoreGraphics.framework; path = System/Library/Frameworks/CoreGraphics.framework; sourceTree = SDKROOT; };
		D0442ACD183ACA280056D2A2 /* UIKit.framework */ = {isa = PBXFileReference; lastKnownFileType = wrapper.framework; name = UIKit.framework; path = System/Library/Frameworks/UIKit.framework; sourceTree = SDKROOT; };
		D0442AD1183ACA280056D2A2 /* iOS3Lab3-Info.plist */ = {isa = PBXFileReference; lastKnownFileType = text.plist.xml; path = "iOS3Lab3-Info.plist"; sourceTree = "<group>"; };
		D0442AD3183ACA280056D2A2 /* en */ = {isa = PBXFileReference; lastKnownFileType = text.plist.strings; name = en; path = en.lproj/InfoPlist.strings; sourceTree = "<group>"; };
		D0442AD5183ACA280056D2A2 /* main.m */ = {isa = PBXFileReference; lastKnownFileType = sourcecode.c.objc; path = main.m; sourceTree = "<group>"; };
		D0442AD7183ACA280056D2A2 /* iOS3Lab3-Prefix.pch */ = {isa = PBXFileReference; lastKnownFileType = sourcecode.c.h; path = "iOS3Lab3-Prefix.pch"; sourceTree = "<group>"; };
		D0442AD8183ACA280056D2A2 /* AppDelegate.h */ = {isa = PBXFileReference; lastKnownFileType = sourcecode.c.h; path = AppDelegate.h; sourceTree = "<group>"; };
		D0442AD9183ACA280056D2A2 /* AppDelegate.m */ = {isa = PBXFileReference; lastKnownFileType = sourcecode.c.objc; path = AppDelegate.m; sourceTree = "<group>"; };
		D0442ADB183ACA280056D2A2 /* Images.xcassets */ = {isa = PBXFileReference; lastKnownFileType = folder.assetcatalog; path = Images.xcassets; sourceTree = "<group>"; };
		D0442AE1183ACA280056D2A2 /* iOS3Lab3Tests.xctest */ = {isa = PBXFileReference; explicitFileType = wrapper.cfbundle; includeInIndex = 0; path = iOS3Lab3Tests.xctest; sourceTree = BUILT_PRODUCTS_DIR; };
		D0442AE2183ACA280056D2A2 /* XCTest.framework */ = {isa = PBXFileReference; lastKnownFileType = wrapper.framework; name = XCTest.framework; path = Library/Frameworks/XCTest.framework; sourceTree = DEVELOPER_DIR; };
		D0442AEA183ACA280056D2A2 /* iOS3Lab3Tests-Info.plist */ = {isa = PBXFileReference; lastKnownFileType = text.plist.xml; path = "iOS3Lab3Tests-Info.plist"; sourceTree = "<group>"; };
		D0442AEC183ACA280056D2A2 /* en */ = {isa = PBXFileReference; lastKnownFileType = text.plist.strings; name = en; path = en.lproj/InfoPlist.strings; sourceTree = "<group>"; };
		D0442AEE183ACA280056D2A2 /* iOS3Lab3Tests.m */ = {isa = PBXFileReference; lastKnownFileType = sourcecode.c.objc; path = iOS3Lab3Tests.m; sourceTree = "<group>"; };
		D0442AF8183ACA4F0056D2A2 /* MainStoryboard.storyboard */ = {isa = PBXFileReference; fileEncoding = 4; lastKnownFileType = file.storyboard; path = MainStoryboard.storyboard; sourceTree = "<group>"; };
		D0442AFC183ACD880056D2A2 /* tile1_A_268.png */ = {isa = PBXFileReference; lastKnownFileType = image.png; path = tile1_A_268.png; sourceTree = "<group>"; };
		D0442AFD183ACD880056D2A2 /* tile1_B_268.png */ = {isa = PBXFileReference; lastKnownFileType = image.png; path = tile1_B_268.png; sourceTree = "<group>"; };
		D0442AFE183ACD880056D2A2 /* tile1_blank_268.png */ = {isa = PBXFileReference; lastKnownFileType = image.png; path = tile1_blank_268.png; sourceTree = "<group>"; };
		D0442AFF183ACD880056D2A2 /* tile1_C_268.png */ = {isa = PBXFileReference; lastKnownFileType = image.png; path = tile1_C_268.png; sourceTree = "<group>"; };
		D0442B00183ACD880056D2A2 /* tile1_D_268.png */ = {isa = PBXFileReference; lastKnownFileType = image.png; path = tile1_D_268.png; sourceTree = "<group>"; };
		D0442B01183ACD880056D2A2 /* tile1_E_268.png */ = {isa = PBXFileReference; lastKnownFileType = image.png; path = tile1_E_268.png; sourceTree = "<group>"; };
		D0442B02183ACD880056D2A2 /* tile1_F_268.png */ = {isa = PBXFileReference; lastKnownFileType = image.png; path = tile1_F_268.png; sourceTree = "<group>"; };
		D0442B03183ACD880056D2A2 /* tile1_G_268.png */ = {isa = PBXFileReference; lastKnownFileType = image.png; path = tile1_G_268.png; sourceTree = "<group>"; };
		D0442B04183ACD880056D2A2 /* tile1_H_268.png */ = {isa = PBXFileReference; lastKnownFileType = image.png; path = tile1_H_268.png; sourceTree = "<group>"; };
		D0442B05183ACD880056D2A2 /* tile1_I_268.png */ = {isa = PBXFileReference; lastKnownFileType = image.png; path = tile1_I_268.png; sourceTree = "<group>"; };
		D0442B06183ACD880056D2A2 /* tile1_J_268.png */ = {isa = PBXFileReference; lastKnownFileType = image.png; path = tile1_J_268.png; sourceTree = "<group>"; };
		D0442B07183ACD880056D2A2 /* tile1_K_268.png */ = {isa = PBXFileReference; lastKnownFileType = image.png; path = tile1_K_268.png; sourceTree = "<group>"; };
		D0442B08183ACD880056D2A2 /* tile1_L_268.png */ = {isa = PBXFileReference; lastKnownFileType = image.png; path = tile1_L_268.png; sourceTree = "<group>"; };
		D0442B09183ACD880056D2A2 /* tile1_M_268.png */ = {isa = PBXFileReference; lastKnownFileType = image.png; path = tile1_M_268.png; sourceTree = "<group>"; };
		D0442B0A183ACD880056D2A2 /* tile1_N_268.png */ = {isa = PBXFileReference; lastKnownFileType = image.png; path = tile1_N_268.png; sourceTree = "<group>"; };
		D0442B0B183ACD880056D2A2 /* tile1_O_268.png */ = {isa = PBXFileReference; lastKnownFileType = image.png; path = tile1_O_268.png; sourceTree = "<group>"; };
		D0442B0C183ACD880056D2A2 /* tile1_P_268.png */ = {isa = PBXFileReference; lastKnownFileType = image.png; path = tile1_P_268.png; sourceTree = "<group>"; };
		D0442B0D183ACD880056D2A2 /* tile1_Q_268.png */ = {isa = PBXFileReference; lastKnownFileType = image.png; path = tile1_Q_268.png; sourceTree = "<group>"; };
		D0442B0E183ACD880056D2A2 /* tile1_R_268.png */ = {isa = PBXFileReference; lastKnownFileType = image.png; path = tile1_R_268.png; sourceTree = "<group>"; };
		D0442B0F183ACD880056D2A2 /* tile1_S_268.png */ = {isa = PBXFileReference; lastKnownFileType = image.png; path = tile1_S_268.png; sourceTree = "<group>"; };
		D0442B10183ACD880056D2A2 /* tile1_T_268.png */ = {isa = PBXFileReference; lastKnownFileType = image.png; path = tile1_T_268.png; sourceTree = "<group>"; };
		D0442B11183ACD880056D2A2 /* tile1_U_268.png */ = {isa = PBXFileReference; lastKnownFileType = image.png; path = tile1_U_268.png; sourceTree = "<group>"; };
		D0442B12183ACD880056D2A2 /* tile1_V_268.png */ = {isa = PBXFileReference; lastKnownFileType = image.png; path = tile1_V_268.png; sourceTree = "<group>"; };
		D0442B13183ACD880056D2A2 /* tile1_W_268.png */ = {isa = PBXFileReference; lastKnownFileType = image.png; path = tile1_W_268.png; sourceTree = "<group>"; };
		D0442B14183ACD880056D2A2 /* tile1_X_268.png */ = {isa = PBXFileReference; lastKnownFileType = image.png; path = tile1_X_268.png; sourceTree = "<group>"; };
		D0442B15183ACD880056D2A2 /* tile1_Y_268.png */ = {isa = PBXFileReference; lastKnownFileType = image.png; path = tile1_Y_268.png; sourceTree = "<group>"; };
		D0442B16183ACD880056D2A2 /* tile1_Z_268.png */ = {isa = PBXFileReference; lastKnownFileType = image.png; path = tile1_Z_268.png; sourceTree = "<group>"; };
		D0442B32183ACE470056D2A2 /* SettingsTableViewController.h */ = {isa = PBXFileReference; fileEncoding = 4; lastKnownFileType = sourcecode.c.h; path = SettingsTableViewController.h; sourceTree = "<group>"; };
		D0442B33183ACE470056D2A2 /* SettingsTableViewController.m */ = {isa = PBXFileReference; fileEncoding = 4; lastKnownFileType = sourcecode.c.objc; path = SettingsTableViewController.m; sourceTree = "<group>"; };
		D0442B35183AD4F90056D2A2 /* LettersViewController.h */ = {isa = PBXFileReference; fileEncoding = 4; lastKnownFileType = sourcecode.c.h; path = LettersViewController.h; sourceTree = "<group>"; };
		D0442B36183AD4F90056D2A2 /* LettersViewController.m */ = {isa = PBXFileReference; fileEncoding = 4; lastKnownFileType = sourcecode.c.objc; path = LettersViewController.m; sourceTree = "<group>"; };
		D0442B39183ADA7F0056D2A2 /* tile1_A_lower_268.png */ = {isa = PBXFileReference; lastKnownFileType = image.png; path = tile1_A_lower_268.png; sourceTree = "<group>"; };
		D0442B3A183ADA7F0056D2A2 /* tile1_B_lower_268.png */ = {isa = PBXFileReference; lastKnownFileType = image.png; path = tile1_B_lower_268.png; sourceTree = "<group>"; };
		D0442B3B183ADA7F0056D2A2 /* tile1_C_lower_268.png */ = {isa = PBXFileReference; lastKnownFileType = image.png; path = tile1_C_lower_268.png; sourceTree = "<group>"; };
		D0442B3C183ADA7F0056D2A2 /* tile1_D_lower_268.png */ = {isa = PBXFileReference; lastKnownFileType = image.png; path = tile1_D_lower_268.png; sourceTree = "<group>"; };
		D0442B3D183ADA7F0056D2A2 /* tile1_E_lower_268.png */ = {isa = PBXFileReference; lastKnownFileType = image.png; path = tile1_E_lower_268.png; sourceTree = "<group>"; };
		D0442B3E183ADA7F0056D2A2 /* tile1_F_lower_268.png */ = {isa = PBXFileReference; lastKnownFileType = image.png; path = tile1_F_lower_268.png; sourceTree = "<group>"; };
		D0442B3F183ADA7F0056D2A2 /* tile1_G_lower_268.png */ = {isa = PBXFileReference; lastKnownFileType = image.png; path = tile1_G_lower_268.png; sourceTree = "<group>"; };
		D0442B40183ADA7F0056D2A2 /* tile1_H_lower_268.png */ = {isa = PBXFileReference; lastKnownFileType = image.png; path = tile1_H_lower_268.png; sourceTree = "<group>"; };
		D0442B41183ADA7F0056D2A2 /* tile1_I_lower_268.png */ = {isa = PBXFileReference; lastKnownFileType = image.png; path = tile1_I_lower_268.png; sourceTree = "<group>"; };
		D0442B42183ADA7F0056D2A2 /* tile1_J_lower_268.png */ = {isa = PBXFileReference; lastKnownFileType = image.png; path = tile1_J_lower_268.png; sourceTree = "<group>"; };
		D0442B43183ADA7F0056D2A2 /* tile1_K_lower_268.png */ = {isa = PBXFileReference; lastKnownFileType = image.png; path = tile1_K_lower_268.png; sourceTree = "<group>"; };
		D0442B44183ADA7F0056D2A2 /* tile1_L_lower_268.png */ = {isa = PBXFileReference; lastKnownFileType = image.png; path = tile1_L_lower_268.png; sourceTree = "<group>"; };
		D0442B45183ADA7F0056D2A2 /* tile1_M_lower_268.png */ = {isa = PBXFileReference; lastKnownFileType = image.png; path = tile1_M_lower_268.png; sourceTree = "<group>"; };
		D0442B46183ADA7F0056D2A2 /* tile1_N_lower_268.png */ = {isa = PBXFileReference; lastKnownFileType = image.png; path = tile1_N_lower_268.png; sourceTree = "<group>"; };
		D0442B47183ADA7F0056D2A2 /* tile1_O_lower_268.png */ = {isa = PBXFileReference; lastKnownFileType = image.png; path = tile1_O_lower_268.png; sourceTree = "<group>"; };
		D0442B48183ADA7F0056D2A2 /* tile1_P_lower_268.png */ = {isa = PBXFileReference; lastKnownFileType = image.png; path = tile1_P_lower_268.png; sourceTree = "<group>"; };
		D0442B49183ADA7F0056D2A2 /* tile1_Q_lower_268.png */ = {isa = PBXFileReference; lastKnownFileType = image.png; path = tile1_Q_lower_268.png; sourceTree = "<group>"; };
		D0442B4A183ADA7F0056D2A2 /* tile1_R_lower_268.png */ = {isa = PBXFileReference; lastKnownFileType = image.png; path = tile1_R_lower_268.png; sourceTree = "<group>"; };
		D0442B4B183ADA7F0056D2A2 /* tile1_S_lower_268.png */ = {isa = PBXFileReference; lastKnownFileType = image.png; path = tile1_S_lower_268.png; sourceTree = "<group>"; };
		D0442B4C183ADA7F0056D2A2 /* tile1_T_lower_268.png */ = {isa = PBXFileReference; lastKnownFileType = image.png; path = tile1_T_lower_268.png; sourceTree = "<group>"; };
		D0442B4D183ADA7F0056D2A2 /* tile1_U_lower_268.png */ = {isa = PBXFileReference; lastKnownFileType = image.png; path = tile1_U_lower_268.png; sourceTree = "<group>"; };
		D0442B4E183ADA7F0056D2A2 /* tile1_V_lower_268.png */ = {isa = PBXFileReference; lastKnownFileType = image.png; path = tile1_V_lower_268.png; sourceTree = "<group>"; };
		D0442B4F183ADA7F0056D2A2 /* tile1_W_lower_268.png */ = {isa = PBXFileReference; lastKnownFileType = image.png; path = tile1_W_lower_268.png; sourceTree = "<group>"; };
		D0442B50183ADA7F0056D2A2 /* tile1_X_lower_268.png */ = {isa = PBXFileReference; lastKnownFileType = image.png; path = tile1_X_lower_268.png; sourceTree = "<group>"; };
		D0442B51183ADA7F0056D2A2 /* tile1_Y_lower_268.png */ = {isa = PBXFileReference; lastKnownFileType = image.png; path = tile1_Y_lower_268.png; sourceTree = "<group>"; };
		D0442B52183ADA7F0056D2A2 /* tile1_Z_lower_268.png */ = {isa = PBXFileReference; lastKnownFileType = image.png; path = tile1_Z_lower_268.png; sourceTree = "<group>"; };
/* End PBXFileReference section */

/* Begin PBXFrameworksBuildPhase section */
		D0442AC3183ACA280056D2A2 /* Frameworks */ = {
			isa = PBXFrameworksBuildPhase;
			buildActionMask = 2147483647;
			files = (
				D0442ACC183ACA280056D2A2 /* CoreGraphics.framework in Frameworks */,
				D0442ACE183ACA280056D2A2 /* UIKit.framework in Frameworks */,
				D0442ACA183ACA280056D2A2 /* Foundation.framework in Frameworks */,
			);
			runOnlyForDeploymentPostprocessing = 0;
		};
		D0442ADE183ACA280056D2A2 /* Frameworks */ = {
			isa = PBXFrameworksBuildPhase;
			buildActionMask = 2147483647;
			files = (
				D0442AE3183ACA280056D2A2 /* XCTest.framework in Frameworks */,
				D0442AE5183ACA280056D2A2 /* UIKit.framework in Frameworks */,
				D0442AE4183ACA280056D2A2 /* Foundation.framework in Frameworks */,
			);
			runOnlyForDeploymentPostprocessing = 0;
		};
/* End PBXFrameworksBuildPhase section */

/* Begin PBXGroup section */
		D0442ABD183ACA280056D2A2 = {
			isa = PBXGroup;
			children = (
				D0442ACF183ACA280056D2A2 /* iOS3Lab3 */,
				D0442AE8183ACA280056D2A2 /* iOS3Lab3Tests */,
				D0442AC8183ACA280056D2A2 /* Frameworks */,
				D0442AC7183ACA280056D2A2 /* Products */,
			);
			sourceTree = "<group>";
		};
		D0442AC7183ACA280056D2A2 /* Products */ = {
			isa = PBXGroup;
			children = (
				D0442AC6183ACA280056D2A2 /* iOS3Lab3.app */,
				D0442AE1183ACA280056D2A2 /* iOS3Lab3Tests.xctest */,
			);
			name = Products;
			sourceTree = "<group>";
		};
		D0442AC8183ACA280056D2A2 /* Frameworks */ = {
			isa = PBXGroup;
			children = (
				D0442AC9183ACA280056D2A2 /* Foundation.framework */,
				D0442ACB183ACA280056D2A2 /* CoreGraphics.framework */,
				D0442ACD183ACA280056D2A2 /* UIKit.framework */,
				D0442AE2183ACA280056D2A2 /* XCTest.framework */,
			);
			name = Frameworks;
			sourceTree = "<group>";
		};
		D0442ACF183ACA280056D2A2 /* iOS3Lab3 */ = {
			isa = PBXGroup;
			children = (
				D0442AFA183ACD390056D2A2 /* Letters */,
				D0442AD8183ACA280056D2A2 /* AppDelegate.h */,
				D0442AD9183ACA280056D2A2 /* AppDelegate.m */,
				D0442ADB183ACA280056D2A2 /* Images.xcassets */,
				D0442AD0183ACA280056D2A2 /* Supporting Files */,
				D0442AF8183ACA4F0056D2A2 /* MainStoryboard.storyboard */,
				D0442B32183ACE470056D2A2 /* SettingsTableViewController.h */,
				D0442B33183ACE470056D2A2 /* SettingsTableViewController.m */,
				D0442B35183AD4F90056D2A2 /* LettersViewController.h */,
				D0442B36183AD4F90056D2A2 /* LettersViewController.m */,
			);
			path = iOS3Lab3;
			sourceTree = "<group>";
		};
		D0442AD0183ACA280056D2A2 /* Supporting Files */ = {
			isa = PBXGroup;
			children = (
				D0442AD1183ACA280056D2A2 /* iOS3Lab3-Info.plist */,
				D0442AD2183ACA280056D2A2 /* InfoPlist.strings */,
				D0442AD5183ACA280056D2A2 /* main.m */,
				D0442AD7183ACA280056D2A2 /* iOS3Lab3-Prefix.pch */,
			);
			name = "Supporting Files";
			sourceTree = "<group>";
		};
		D0442AE8183ACA280056D2A2 /* iOS3Lab3Tests */ = {
			isa = PBXGroup;
			children = (
				D0442AEE183ACA280056D2A2 /* iOS3Lab3Tests.m */,
				D0442AE9183ACA280056D2A2 /* Supporting Files */,
			);
			path = iOS3Lab3Tests;
			sourceTree = "<group>";
		};
		D0442AE9183ACA280056D2A2 /* Supporting Files */ = {
			isa = PBXGroup;
			children = (
				D0442AEA183ACA280056D2A2 /* iOS3Lab3Tests-Info.plist */,
				D0442AEB183ACA280056D2A2 /* InfoPlist.strings */,
			);
			name = "Supporting Files";
			sourceTree = "<group>";
		};
		D0442AFA183ACD390056D2A2 /* Letters */ = {
			isa = PBXGroup;
			children = (
				D0442B38183ADA7F0056D2A2 /* tile1_lower_268_pixels */,
				D0442AFB183ACD880056D2A2 /* tile1_268_pixels */,
			);
			name = Letters;
			sourceTree = "<group>";
		};
		D0442AFB183ACD880056D2A2 /* tile1_268_pixels */ = {
			isa = PBXGroup;
			children = (
				D0442AFC183ACD880056D2A2 /* tile1_A_268.png */,
				D0442AFD183ACD880056D2A2 /* tile1_B_268.png */,
				D0442AFE183ACD880056D2A2 /* tile1_blank_268.png */,
				D0442AFF183ACD880056D2A2 /* tile1_C_268.png */,
				D0442B00183ACD880056D2A2 /* tile1_D_268.png */,
				D0442B01183ACD880056D2A2 /* tile1_E_268.png */,
				D0442B02183ACD880056D2A2 /* tile1_F_268.png */,
				D0442B03183ACD880056D2A2 /* tile1_G_268.png */,
				D0442B04183ACD880056D2A2 /* tile1_H_268.png */,
				D0442B05183ACD880056D2A2 /* tile1_I_268.png */,
				D0442B06183ACD880056D2A2 /* tile1_J_268.png */,
				D0442B07183ACD880056D2A2 /* tile1_K_268.png */,
				D0442B08183ACD880056D2A2 /* tile1_L_268.png */,
				D0442B09183ACD880056D2A2 /* tile1_M_268.png */,
				D0442B0A183ACD880056D2A2 /* tile1_N_268.png */,
				D0442B0B183ACD880056D2A2 /* tile1_O_268.png */,
				D0442B0C183ACD880056D2A2 /* tile1_P_268.png */,
				D0442B0D183ACD880056D2A2 /* tile1_Q_268.png */,
				D0442B0E183ACD880056D2A2 /* tile1_R_268.png */,
				D0442B0F183ACD880056D2A2 /* tile1_S_268.png */,
				D0442B10183ACD880056D2A2 /* tile1_T_268.png */,
				D0442B11183ACD880056D2A2 /* tile1_U_268.png */,
				D0442B12183ACD880056D2A2 /* tile1_V_268.png */,
				D0442B13183ACD880056D2A2 /* tile1_W_268.png */,
				D0442B14183ACD880056D2A2 /* tile1_X_268.png */,
				D0442B15183ACD880056D2A2 /* tile1_Y_268.png */,
				D0442B16183ACD880056D2A2 /* tile1_Z_268.png */,
			);
			path = tile1_268_pixels;
			sourceTree = "<group>";
		};
		D0442B38183ADA7F0056D2A2 /* tile1_lower_268_pixels */ = {
			isa = PBXGroup;
			children = (
				D0442B39183ADA7F0056D2A2 /* tile1_A_lower_268.png */,
				D0442B3A183ADA7F0056D2A2 /* tile1_B_lower_268.png */,
				D0442B3B183ADA7F0056D2A2 /* tile1_C_lower_268.png */,
				D0442B3C183ADA7F0056D2A2 /* tile1_D_lower_268.png */,
				D0442B3D183ADA7F0056D2A2 /* tile1_E_lower_268.png */,
				D0442B3E183ADA7F0056D2A2 /* tile1_F_lower_268.png */,
				D0442B3F183ADA7F0056D2A2 /* tile1_G_lower_268.png */,
				D0442B40183ADA7F0056D2A2 /* tile1_H_lower_268.png */,
				D0442B41183ADA7F0056D2A2 /* tile1_I_lower_268.png */,
				D0442B42183ADA7F0056D2A2 /* tile1_J_lower_268.png */,
				D0442B43183ADA7F0056D2A2 /* tile1_K_lower_268.png */,
				D0442B44183ADA7F0056D2A2 /* tile1_L_lower_268.png */,
				D0442B45183ADA7F0056D2A2 /* tile1_M_lower_268.png */,
				D0442B46183ADA7F0056D2A2 /* tile1_N_lower_268.png */,
				D0442B47183ADA7F0056D2A2 /* tile1_O_lower_268.png */,
				D0442B48183ADA7F0056D2A2 /* tile1_P_lower_268.png */,
				D0442B49183ADA7F0056D2A2 /* tile1_Q_lower_268.png */,
				D0442B4A183ADA7F0056D2A2 /* tile1_R_lower_268.png */,
				D0442B4B183ADA7F0056D2A2 /* tile1_S_lower_268.png */,
				D0442B4C183ADA7F0056D2A2 /* tile1_T_lower_268.png */,
				D0442B4D183ADA7F0056D2A2 /* tile1_U_lower_268.png */,
				D0442B4E183ADA7F0056D2A2 /* tile1_V_lower_268.png */,
				D0442B4F183ADA7F0056D2A2 /* tile1_W_lower_268.png */,
				D0442B50183ADA7F0056D2A2 /* tile1_X_lower_268.png */,
				D0442B51183ADA7F0056D2A2 /* tile1_Y_lower_268.png */,
				D0442B52183ADA7F0056D2A2 /* tile1_Z_lower_268.png */,
			);
			path = tile1_lower_268_pixels;
			sourceTree = "<group>";
		};
/* End PBXGroup section */

/* Begin PBXNativeTarget section */
		D0442AC5183ACA280056D2A2 /* iOS3Lab3 */ = {
			isa = PBXNativeTarget;
			buildConfigurationList = D0442AF2183ACA280056D2A2 /* Build configuration list for PBXNativeTarget "iOS3Lab3" */;
			buildPhases = (
				D0442AC2183ACA280056D2A2 /* Sources */,
				D0442AC3183ACA280056D2A2 /* Frameworks */,
				D0442AC4183ACA280056D2A2 /* Resources */,
			);
			buildRules = (
			);
			dependencies = (
			);
			name = iOS3Lab3;
			productName = iOS3Lab3;
			productReference = D0442AC6183ACA280056D2A2 /* iOS3Lab3.app */;
			productType = "com.apple.product-type.application";
		};
		D0442AE0183ACA280056D2A2 /* iOS3Lab3Tests */ = {
			isa = PBXNativeTarget;
			buildConfigurationList = D0442AF5183ACA280056D2A2 /* Build configuration list for PBXNativeTarget "iOS3Lab3Tests" */;
			buildPhases = (
				D0442ADD183ACA280056D2A2 /* Sources */,
				D0442ADE183ACA280056D2A2 /* Frameworks */,
				D0442ADF183ACA280056D2A2 /* Resources */,
			);
			buildRules = (
			);
			dependencies = (
				D0442AE7183ACA280056D2A2 /* PBXTargetDependency */,
			);
			name = iOS3Lab3Tests;
			productName = iOS3Lab3Tests;
			productReference = D0442AE1183ACA280056D2A2 /* iOS3Lab3Tests.xctest */;
			productType = "com.apple.product-type.bundle.unit-test";
		};
/* End PBXNativeTarget section */

/* Begin PBXProject section */
		D0442ABE183ACA280056D2A2 /* Project object */ = {
			isa = PBXProject;
			attributes = {
				LastUpgradeCheck = 0500;
				ORGANIZATIONNAME = "James Derry";
				TargetAttributes = {
					D0442AE0183ACA280056D2A2 = {
						TestTargetID = D0442AC5183ACA280056D2A2;
					};
				};
			};
			buildConfigurationList = D0442AC1183ACA280056D2A2 /* Build configuration list for PBXProject "iOS3Lab3" */;
			compatibilityVersion = "Xcode 3.2";
			developmentRegion = English;
			hasScannedForEncodings = 0;
			knownRegions = (
				en,
			);
			mainGroup = D0442ABD183ACA280056D2A2;
			productRefGroup = D0442AC7183ACA280056D2A2 /* Products */;
			projectDirPath = "";
			projectRoot = "";
			targets = (
				D0442AC5183ACA280056D2A2 /* iOS3Lab3 */,
				D0442AE0183ACA280056D2A2 /* iOS3Lab3Tests */,
			);
		};
/* End PBXProject section */

/* Begin PBXResourcesBuildPhase section */
		D0442AC4183ACA280056D2A2 /* Resources */ = {
			isa = PBXResourcesBuildPhase;
			buildActionMask = 2147483647;
			files = (
				D0442B17183ACD880056D2A2 /* tile1_A_268.png in Resources */,
				D0442B25183ACD880056D2A2 /* tile1_N_268.png in Resources */,
				D0442B6B183ADA7F0056D2A2 /* tile1_Y_lower_268.png in Resources */,
				D0442B19183ACD880056D2A2 /* tile1_blank_268.png in Resources */,
				D0442B5D183ADA7F0056D2A2 /* tile1_K_lower_268.png in Resources */,
				D0442B2D183ACD880056D2A2 /* tile1_V_268.png in Resources */,
				D0442B5F183ADA7F0056D2A2 /* tile1_M_lower_268.png in Resources */,
				D0442B6C183ADA7F0056D2A2 /* tile1_Z_lower_268.png in Resources */,
				D0442B69183ADA7F0056D2A2 /* tile1_W_lower_268.png in Resources */,
				D0442B2B183ACD880056D2A2 /* tile1_T_268.png in Resources */,
				D0442B27183ACD880056D2A2 /* tile1_P_268.png in Resources */,
				D0442B18183ACD880056D2A2 /* tile1_B_268.png in Resources */,
				D0442B5C183ADA7F0056D2A2 /* tile1_J_lower_268.png in Resources */,
				D0442B2F183ACD880056D2A2 /* tile1_X_268.png in Resources */,
				D0442B68183ADA7F0056D2A2 /* tile1_V_lower_268.png in Resources */,
				D0442B67183ADA7F0056D2A2 /* tile1_U_lower_268.png in Resources */,
				D0442B1E183ACD880056D2A2 /* tile1_G_268.png in Resources */,
				D0442B53183ADA7F0056D2A2 /* tile1_A_lower_268.png in Resources */,
				D0442B24183ACD880056D2A2 /* tile1_M_268.png in Resources */,
				D0442B5B183ADA7F0056D2A2 /* tile1_I_lower_268.png in Resources */,
				D0442B5A183ADA7F0056D2A2 /* tile1_H_lower_268.png in Resources */,
				D0442B1B183ACD880056D2A2 /* tile1_D_268.png in Resources */,
				D0442B61183ADA7F0056D2A2 /* tile1_O_lower_268.png in Resources */,
				D0442B59183ADA7F0056D2A2 /* tile1_G_lower_268.png in Resources */,
				D0442AF9183ACA4F0056D2A2 /* MainStoryboard.storyboard in Resources */,
				D0442B29183ACD880056D2A2 /* tile1_R_268.png in Resources */,
				D0442B2E183ACD880056D2A2 /* tile1_W_268.png in Resources */,
				D0442B58183ADA7F0056D2A2 /* tile1_F_lower_268.png in Resources */,
				D0442B62183ADA7F0056D2A2 /* tile1_P_lower_268.png in Resources */,
				D0442B54183ADA7F0056D2A2 /* tile1_B_lower_268.png in Resources */,
				D0442B1A183ACD880056D2A2 /* tile1_C_268.png in Resources */,
				D0442B2C183ACD880056D2A2 /* tile1_U_268.png in Resources */,
				D0442B66183ADA7F0056D2A2 /* tile1_T_lower_268.png in Resources */,
				D0442B55183ADA7F0056D2A2 /* tile1_C_lower_268.png in Resources */,
				D0442B65183ADA7F0056D2A2 /* tile1_S_lower_268.png in Resources */,
				D0442AD4183ACA280056D2A2 /* InfoPlist.strings in Resources */,
				D0442ADC183ACA280056D2A2 /* Images.xcassets in Resources */,
				D0442B20183ACD880056D2A2 /* tile1_I_268.png in Resources */,
				D0442B26183ACD880056D2A2 /* tile1_O_268.png in Resources */,
				D0442B57183ADA7F0056D2A2 /* tile1_E_lower_268.png in Resources */,
				D0442B2A183ACD880056D2A2 /* tile1_S_268.png in Resources */,
				D0442B1C183ACD880056D2A2 /* tile1_E_268.png in Resources */,
				D0442B23183ACD880056D2A2 /* tile1_L_268.png in Resources */,
				D0442B28183ACD880056D2A2 /* tile1_Q_268.png in Resources */,
				D0442B60183ADA7F0056D2A2 /* tile1_N_lower_268.png in Resources */,
				D0442B21183ACD880056D2A2 /* tile1_J_268.png in Resources */,
				D0442B63183ADA7F0056D2A2 /* tile1_Q_lower_268.png in Resources */,
				D0442B5E183ADA7F0056D2A2 /* tile1_L_lower_268.png in Resources */,
				D0442B30183ACD880056D2A2 /* tile1_Y_268.png in Resources */,
				D0442B56183ADA7F0056D2A2 /* tile1_D_lower_268.png in Resources */,
				D0442B1D183ACD880056D2A2 /* tile1_F_268.png in Resources */,
				D0442B31183ACD880056D2A2 /* tile1_Z_268.png in Resources */,
				D0442B22183ACD880056D2A2 /* tile1_K_268.png in Resources */,
				D0442B1F183ACD880056D2A2 /* tile1_H_268.png in Resources */,
				D0442B64183ADA7F0056D2A2 /* tile1_R_lower_268.png in Resources */,
				D0442B6A183ADA7F0056D2A2 /* tile1_X_lower_268.png in Resources */,
			);
			runOnlyForDeploymentPostprocessing = 0;
		};
		D0442ADF183ACA280056D2A2 /* Resources */ = {
			isa = PBXResourcesBuildPhase;
			buildActionMask = 2147483647;
			files = (
				D0442AED183ACA280056D2A2 /* InfoPlist.strings in Resources */,
			);
			runOnlyForDeploymentPostprocessing = 0;
		};
/* End PBXResourcesBuildPhase section */

/* Begin PBXSourcesBuildPhase section */
		D0442AC2183ACA280056D2A2 /* Sources */ = {
			isa = PBXSourcesBuildPhase;
			buildActionMask = 2147483647;
			files = (
				D0442B37183AD4F90056D2A2 /* LettersViewController.m in Sources */,
				D0442B34183ACE470056D2A2 /* SettingsTableViewController.m in Sources */,
				D0442ADA183ACA280056D2A2 /* AppDelegate.m in Sources */,
				D0442AD6183ACA280056D2A2 /* main.m in Sources */,
			);
			runOnlyForDeploymentPostprocessing = 0;
		};
		D0442ADD183ACA280056D2A2 /* Sources */ = {
			isa = PBXSourcesBuildPhase;
			buildActionMask = 2147483647;
			files = (
				D0442AEF183ACA280056D2A2 /* iOS3Lab3Tests.m in Sources */,
			);
			runOnlyForDeploymentPostprocessing = 0;
		};
/* End PBXSourcesBuildPhase section */

/* Begin PBXTargetDependency section */
		D0442AE7183ACA280056D2A2 /* PBXTargetDependency */ = {
			isa = PBXTargetDependency;
			target = D0442AC5183ACA280056D2A2 /* iOS3Lab3 */;
			targetProxy = D0442AE6183ACA280056D2A2 /* PBXContainerItemProxy */;
		};
/* End PBXTargetDependency section */

/* Begin PBXVariantGroup section */
		D0442AD2183ACA280056D2A2 /* InfoPlist.strings */ = {
			isa = PBXVariantGroup;
			children = (
				D0442AD3183ACA280056D2A2 /* en */,
			);
			name = InfoPlist.strings;
			sourceTree = "<group>";
		};
		D0442AEB183ACA280056D2A2 /* InfoPlist.strings */ = {
			isa = PBXVariantGroup;
			children = (
				D0442AEC183ACA280056D2A2 /* en */,
			);
			name = InfoPlist.strings;
			sourceTree = "<group>";
		};
/* End PBXVariantGroup section */

/* Begin XCBuildConfiguration section */
		D0442AF0183ACA280056D2A2 /* Debug */ = {
			isa = XCBuildConfiguration;
			buildSettings = {
				ALWAYS_SEARCH_USER_PATHS = NO;
				ARCHS = "$(ARCHS_STANDARD_INCLUDING_64_BIT)";
				CLANG_CXX_LANGUAGE_STANDARD = "gnu++0x";
				CLANG_CXX_LIBRARY = "libc++";
				CLANG_ENABLE_MODULES = YES;
				CLANG_ENABLE_OBJC_ARC = YES;
				CLANG_WARN_BOOL_CONVERSION = YES;
				CLANG_WARN_CONSTANT_CONVERSION = YES;
				CLANG_WARN_DIRECT_OBJC_ISA_USAGE = YES_ERROR;
				CLANG_WARN_EMPTY_BODY = YES;
				CLANG_WARN_ENUM_CONVERSION = YES;
				CLANG_WARN_INT_CONVERSION = YES;
				CLANG_WARN_OBJC_ROOT_CLASS = YES_ERROR;
				CLANG_WARN__DUPLICATE_METHOD_MATCH = YES;
				"CODE_SIGN_IDENTITY[sdk=iphoneos*]" = "iPhone Developer";
				COPY_PHASE_STRIP = NO;
				GCC_C_LANGUAGE_STANDARD = gnu99;
				GCC_DYNAMIC_NO_PIC = NO;
				GCC_OPTIMIZATION_LEVEL = 0;
				GCC_PREPROCESSOR_DEFINITIONS = (
					"DEBUG=1",
					"$(inherited)",
				);
				GCC_SYMBOLS_PRIVATE_EXTERN = NO;
				GCC_WARN_64_TO_32_BIT_CONVERSION = YES;
				GCC_WARN_ABOUT_RETURN_TYPE = YES_ERROR;
				GCC_WARN_UNDECLARED_SELECTOR = YES;
				GCC_WARN_UNINITIALIZED_AUTOS = YES;
				GCC_WARN_UNUSED_FUNCTION = YES;
				GCC_WARN_UNUSED_VARIABLE = YES;
				IPHONEOS_DEPLOYMENT_TARGET = 7.0;
				ONLY_ACTIVE_ARCH = YES;
				SDKROOT = iphoneos;
			};
			name = Debug;
		};
		D0442AF1183ACA280056D2A2 /* Release */ = {
			isa = XCBuildConfiguration;
			buildSettings = {
				ALWAYS_SEARCH_USER_PATHS = NO;
				ARCHS = "$(ARCHS_STANDARD_INCLUDING_64_BIT)";
				CLANG_CXX_LANGUAGE_STANDARD = "gnu++0x";
				CLANG_CXX_LIBRARY = "libc++";
				CLANG_ENABLE_MODULES = YES;
				CLANG_ENABLE_OBJC_ARC = YES;
				CLANG_WARN_BOOL_CONVERSION = YES;
				CLANG_WARN_CONSTANT_CONVERSION = YES;
				CLANG_WARN_DIRECT_OBJC_ISA_USAGE = YES_ERROR;
				CLANG_WARN_EMPTY_BODY = YES;
				CLANG_WARN_ENUM_CONVERSION = YES;
				CLANG_WARN_INT_CONVERSION = YES;
				CLANG_WARN_OBJC_ROOT_CLASS = YES_ERROR;
				CLANG_WARN__DUPLICATE_METHOD_MATCH = YES;
				"CODE_SIGN_IDENTITY[sdk=iphoneos*]" = "iPhone Developer";
				COPY_PHASE_STRIP = YES;
				ENABLE_NS_ASSERTIONS = NO;
				GCC_C_LANGUAGE_STANDARD = gnu99;
				GCC_WARN_64_TO_32_BIT_CONVERSION = YES;
				GCC_WARN_ABOUT_RETURN_TYPE = YES_ERROR;
				GCC_WARN_UNDECLARED_SELECTOR = YES;
				GCC_WARN_UNINITIALIZED_AUTOS = YES;
				GCC_WARN_UNUSED_FUNCTION = YES;
				GCC_WARN_UNUSED_VARIABLE = YES;
				IPHONEOS_DEPLOYMENT_TARGET = 7.0;
				SDKROOT = iphoneos;
				VALIDATE_PRODUCT = YES;
			};
			name = Release;
		};
		D0442AF3183ACA280056D2A2 /* Debug */ = {
			isa = XCBuildConfiguration;
			buildSettings = {
				ASSETCATALOG_COMPILER_APPICON_NAME = AppIcon;
				ASSETCATALOG_COMPILER_LAUNCHIMAGE_NAME = LaunchImage;
				GCC_PRECOMPILE_PREFIX_HEADER = YES;
				GCC_PREFIX_HEADER = "iOS3Lab3/iOS3Lab3-Prefix.pch";
				INFOPLIST_FILE = "iOS3Lab3/iOS3Lab3-Info.plist";
				IPHONEOS_DEPLOYMENT_TARGET = 7.0;
				PRODUCT_NAME = "$(TARGET_NAME)";
				WRAPPER_EXTENSION = app;
			};
			name = Debug;
		};
		D0442AF4183ACA280056D2A2 /* Release */ = {
			isa = XCBuildConfiguration;
			buildSettings = {
				ASSETCATALOG_COMPILER_APPICON_NAME = AppIcon;
				ASSETCATALOG_COMPILER_LAUNCHIMAGE_NAME = LaunchImage;
				GCC_PRECOMPILE_PREFIX_HEADER = YES;
				GCC_PREFIX_HEADER = "iOS3Lab3/iOS3Lab3-Prefix.pch";
				INFOPLIST_FILE = "iOS3Lab3/iOS3Lab3-Info.plist";
				IPHONEOS_DEPLOYMENT_TARGET = 7.0;
				PRODUCT_NAME = "$(TARGET_NAME)";
				WRAPPER_EXTENSION = app;
			};
			name = Release;
		};
		D0442AF6183ACA280056D2A2 /* Debug */ = {
			isa = XCBuildConfiguration;
			buildSettings = {
				ARCHS = "$(ARCHS_STANDARD_INCLUDING_64_BIT)";
				BUNDLE_LOADER = "$(BUILT_PRODUCTS_DIR)/iOS3Lab3.app/iOS3Lab3";
				FRAMEWORK_SEARCH_PATHS = (
					"$(SDKROOT)/Developer/Library/Frameworks",
					"$(inherited)",
					"$(DEVELOPER_FRAMEWORKS_DIR)",
				);
				GCC_PRECOMPILE_PREFIX_HEADER = YES;
				GCC_PREFIX_HEADER = "iOS3Lab3/iOS3Lab3-Prefix.pch";
				GCC_PREPROCESSOR_DEFINITIONS = (
					"DEBUG=1",
					"$(inherited)",
				);
				INFOPLIST_FILE = "iOS3Lab3Tests/iOS3Lab3Tests-Info.plist";
				PRODUCT_NAME = "$(TARGET_NAME)";
				TEST_HOST = "$(BUNDLE_LOADER)";
				WRAPPER_EXTENSION = xctest;
			};
			name = Debug;
		};
		D0442AF7183ACA280056D2A2 /* Release */ = {
			isa = XCBuildConfiguration;
			buildSettings = {
				ARCHS = "$(ARCHS_STANDARD_INCLUDING_64_BIT)";
				BUNDLE_LOADER = "$(BUILT_PRODUCTS_DIR)/iOS3Lab3.app/iOS3Lab3";
				FRAMEWORK_SEARCH_PATHS = (
					"$(SDKROOT)/Developer/Library/Frameworks",
					"$(inherited)",
					"$(DEVELOPER_FRAMEWORKS_DIR)",
				);
				GCC_PRECOMPILE_PREFIX_HEADER = YES;
				GCC_PREFIX_HEADER = "iOS3Lab3/iOS3Lab3-Prefix.pch";
				INFOPLIST_FILE = "iOS3Lab3Tests/iOS3Lab3Tests-Info.plist";
				PRODUCT_NAME = "$(TARGET_NAME)";
				TEST_HOST = "$(BUNDLE_LOADER)";
				WRAPPER_EXTENSION = xctest;
			};
			name = Release;
		};
/* End XCBuildConfiguration section */

/* Begin XCConfigurationList section */
		D0442AC1183ACA280056D2A2 /* Build configuration list for PBXProject "iOS3Lab3" */ = {
			isa = XCConfigurationList;
			buildConfigurations = (
				D0442AF0183ACA280056D2A2 /* Debug */,
				D0442AF1183ACA280056D2A2 /* Release */,
			);
			defaultConfigurationIsVisible = 0;
			defaultConfigurationName = Release;
		};
		D0442AF2183ACA280056D2A2 /* Build configuration list for PBXNativeTarget "iOS3Lab3" */ = {
			isa = XCConfigurationList;
			buildConfigurations = (
				D0442AF3183ACA280056D2A2 /* Debug */,
				D0442AF4183ACA280056D2A2 /* Release */,
			);
			defaultConfigurationIsVisible = 0;
			defaultConfigurationName = Release;
		};
		D0442AF5183ACA280056D2A2 /* Build configuration list for PBXNativeTarget "iOS3Lab3Tests" */ = {
			isa = XCConfigurationList;
			buildConfigurations = (
				D0442AF6183ACA280056D2A2 /* Debug */,
				D0442AF7183ACA280056D2A2 /* Release */,
			);
			defaultConfigurationIsVisible = 0;
			defaultConfigurationName = Release;
		};
/* End XCConfigurationList section */
	};
	rootObject = D0442ABE183ACA280056D2A2 /* Project object */;
}
